
Microsoft Visual Studio Solution File, Format Version 12.00
# Visual Studio Version 17
VisualStudioVersion = 17.1.32228.430
MinimumVisualStudioVersion = 10.0.40219.1
Project("{D954291E-2A0B-460D-934E-DC6B0785DB48}") = "HelloUnoPlatform.Shared", "HelloUnoPlatform\HelloUnoPlatform.Shared\HelloUnoPlatform.Shared.shproj", "{6279C845-92F8-4333-AB99-3D213163593C}"
EndProject
Project("{2150E333-8FDC-42A3-9474-1A3956D46DE8}") = "Platforms", "Platforms", "{0C348625-AE3B-4D4C-AC22-790E8707282B}"
EndProject
Project("{FAE04EC0-301F-11D3-BF4B-00C04F79EFBC}") = "HelloUnoPlatform.Droid", "HelloUnoPlatform\HelloUnoPlatform.Droid\HelloUnoPlatform.Droid.csproj", "{0C56CFBD-2A10-4AAF-8153-B814BCA62193}"
EndProject
Project("{FAE04EC0-301F-11D3-BF4B-00C04F79EFBC}") = "HelloUnoPlatform.iOS", "HelloUnoPlatform\HelloUnoPlatform.iOS\HelloUnoPlatform.iOS.csproj", "{17861219-D57E-4F84-BE8D-A7083B641061}"
EndProject
Project("{FAE04EC0-301F-11D3-BF4B-00C04F79EFBC}") = "HelloUnoPlatform.UWP", "HelloUnoPlatform\HelloUnoPlatform.UWP\HelloUnoPlatform.UWP.csproj", "{F859F6A5-38EA-409F-8659-D27FB4B5C49D}"
EndProject
Project("{FAE04EC0-301F-11D3-BF4B-00C04F79EFBC}") = "HelloUnoPlatform.Wasm", "HelloUnoPlatform\HelloUnoPlatform.Wasm\HelloUnoPlatform.Wasm.csproj", "{6D742124-2B8D-4E13-8010-170579B88B4D}"
EndProject
Project("{FAE04EC0-301F-11D3-BF4B-00C04F79EFBC}") = "HelloUnoPlatform.macOS", "HelloUnoPlatform\HelloUnoPlatform.macOS\HelloUnoPlatform.macOS.csproj", "{FAF09231-34D0-4EE5-A87E-FEF0C549EAD5}"
EndProject
Project("{FAE04EC0-301F-11D3-BF4B-00C04F79EFBC}") = "HelloUnoPlatform.Skia.Wpf.Host", "HelloUnoPlatform\HelloUnoPlatform.Skia.Wpf.Host\HelloUnoPlatform.Skia.Wpf.Host.csproj", "{FE9FE07D-0F38-4D41-AC36-B2CA7ED6EC86}"
EndProject
Project("{FAE04EC0-301F-11D3-BF4B-00C04F79EFBC}") = "HelloUnoPlatform.Skia.Wpf", "HelloUnoPlatform\HelloUnoPlatform.Skia.Wpf\HelloUnoPlatform.Skia.Wpf.csproj", "{C428E968-BFF3-4D65-8C11-07C5E6F38F0F}"
EndProject
Project("{FAE04EC0-301F-11D3-BF4B-00C04F79EFBC}") = "HelloUnoPlatform.Skia.Gtk", "HelloUnoPlatform\HelloUnoPlatform.Skia.Gtk\HelloUnoPlatform.Skia.Gtk.csproj", "{2132C7EA-2183-4BEA-9A89-DEB25CD52D1D}"
EndProject
Project("{FAE04EC0-301F-11D3-BF4B-00C04F79EFBC}") = "HelloUnoPlatform.Skia.Tizen", "HelloUnoPlatform\HelloUnoPlatform.Skia.Tizen\HelloUnoPlatform.Skia.Tizen.csproj", "{A4A9AFA3-8EBD-472C-8846-D629A67D1D2D}"
EndProject
Global
	GlobalSection(SharedMSBuildProjectFiles) = preSolution
		HelloUnoPlatform\HelloUnoPlatform.Shared\HelloUnoPlatform.Shared.projitems*{0c56cfbd-2a10-4aaf-8153-b814bca62193}*SharedItemsImports = 4
		HelloUnoPlatform\HelloUnoPlatform.Shared\HelloUnoPlatform.Shared.projitems*{17861219-d57e-4f84-be8d-a7083b641061}*SharedItemsImports = 4
		HelloUnoPlatform\HelloUnoPlatform.Shared\HelloUnoPlatform.Shared.projitems*{2132c7ea-2183-4bea-9a89-deb25cd52d1d}*SharedItemsImports = 5
		HelloUnoPlatform\HelloUnoPlatform.Shared\HelloUnoPlatform.Shared.projitems*{6279c845-92f8-4333-ab99-3d213163593c}*SharedItemsImports = 13
		HelloUnoPlatform\HelloUnoPlatform.Shared\HelloUnoPlatform.Shared.projitems*{6d742124-2b8d-4e13-8010-170579b88b4d}*SharedItemsImports = 5
		HelloUnoPlatform\HelloUnoPlatform.Shared\HelloUnoPlatform.Shared.projitems*{a4a9afa3-8ebd-472c-8846-d629a67d1d2d}*SharedItemsImports = 5
		HelloUnoPlatform\HelloUnoPlatform.Shared\HelloUnoPlatform.Shared.projitems*{c428e968-bff3-4d65-8c11-07c5e6f38f0f}*SharedItemsImports = 5
		HelloUnoPlatform\HelloUnoPlatform.Shared\HelloUnoPlatform.Shared.projitems*{f859f6a5-38ea-409f-8659-d27fb4b5c49d}*SharedItemsImports = 4
		HelloUnoPlatform\HelloUnoPlatform.Shared\HelloUnoPlatform.Shared.projitems*{faf09231-34d0-4ee5-a87e-fef0c549ead5}*SharedItemsImports = 4
	EndGlobalSection
	GlobalSection(SolutionConfigurationPlatforms) = preSolution
		Ad-Hoc|Any CPU = Ad-Hoc|Any CPU
		Ad-Hoc|ARM = Ad-Hoc|ARM
		Ad-Hoc|ARM64 = Ad-Hoc|ARM64
		Ad-Hoc|iPhone = Ad-Hoc|iPhone
		Ad-Hoc|iPhoneSimulator = Ad-Hoc|iPhoneSimulator
		Ad-Hoc|x64 = Ad-Hoc|x64
		Ad-Hoc|x86 = Ad-Hoc|x86
		AppStore|Any CPU = AppStore|Any CPU
		AppStore|ARM = AppStore|ARM
		AppStore|ARM64 = AppStore|ARM64
		AppStore|iPhone = AppStore|iPhone
		AppStore|iPhoneSimulator = AppStore|iPhoneSimulator
		AppStore|x64 = AppStore|x64
		AppStore|x86 = AppStore|x86
		Debug|Any CPU = Debug|Any CPU
		Debug|ARM = Debug|ARM
		Debug|ARM64 = Debug|ARM64
		Debug|iPhone = Debug|iPhone
		Debug|iPhoneSimulator = Debug|iPhoneSimulator
		Debug|x64 = Debug|x64
		Debug|x86 = Debug|x86
		Release|Any CPU = Release|Any CPU
		Release|ARM = Release|ARM
		Release|ARM64 = Release|ARM64
		Release|iPhone = Release|iPhone
		Release|iPhoneSimulator = Release|iPhoneSimulator
		Release|x64 = Release|x64
		Release|x86 = Release|x86
	EndGlobalSection
	GlobalSection(ProjectConfigurationPlatforms) = postSolution
		{0C56CFBD-2A10-4AAF-8153-B814BCA62193}.Ad-Hoc|Any CPU.ActiveCfg = Debug|Any CPU
		{0C56CFBD-2A10-4AAF-8153-B814BCA62193}.Ad-Hoc|Any CPU.Build.0 = Debug|Any CPU
		{0C56CFBD-2A10-4AAF-8153-B814BCA62193}.Ad-Hoc|Any CPU.Deploy.0 = Debug|Any CPU
		{0C56CFBD-2A10-4AAF-8153-B814BCA62193}.Ad-Hoc|ARM.ActiveCfg = Debug|Any CPU
		{0C56CFBD-2A10-4AAF-8153-B814BCA62193}.Ad-Hoc|ARM.Build.0 = Debug|Any CPU
		{0C56CFBD-2A10-4AAF-8153-B814BCA62193}.Ad-Hoc|ARM.Deploy.0 = Debug|Any CPU
		{0C56CFBD-2A10-4AAF-8153-B814BCA62193}.Ad-Hoc|ARM64.ActiveCfg = Debug|Any CPU
		{0C56CFBD-2A10-4AAF-8153-B814BCA62193}.Ad-Hoc|ARM64.Build.0 = Debug|Any CPU
		{0C56CFBD-2A10-4AAF-8153-B814BCA62193}.Ad-Hoc|ARM64.Deploy.0 = Debug|Any CPU
		{0C56CFBD-2A10-4AAF-8153-B814BCA62193}.Ad-Hoc|iPhone.ActiveCfg = Debug|Any CPU
		{0C56CFBD-2A10-4AAF-8153-B814BCA62193}.Ad-Hoc|iPhone.Build.0 = Debug|Any CPU
		{0C56CFBD-2A10-4AAF-8153-B814BCA62193}.Ad-Hoc|iPhone.Deploy.0 = Debug|Any CPU
		{0C56CFBD-2A10-4AAF-8153-B814BCA62193}.Ad-Hoc|iPhoneSimulator.ActiveCfg = Debug|Any CPU
		{0C56CFBD-2A10-4AAF-8153-B814BCA62193}.Ad-Hoc|iPhoneSimulator.Build.0 = Debug|Any CPU
		{0C56CFBD-2A10-4AAF-8153-B814BCA62193}.Ad-Hoc|iPhoneSimulator.Deploy.0 = Debug|Any CPU
		{0C56CFBD-2A10-4AAF-8153-B814BCA62193}.Ad-Hoc|x64.ActiveCfg = Debug|Any CPU
		{0C56CFBD-2A10-4AAF-8153-B814BCA62193}.Ad-Hoc|x64.Build.0 = Debug|Any CPU
		{0C56CFBD-2A10-4AAF-8153-B814BCA62193}.Ad-Hoc|x64.Deploy.0 = Debug|Any CPU
		{0C56CFBD-2A10-4AAF-8153-B814BCA62193}.Ad-Hoc|x86.ActiveCfg = Debug|Any CPU
		{0C56CFBD-2A10-4AAF-8153-B814BCA62193}.Ad-Hoc|x86.Build.0 = Debug|Any CPU
		{0C56CFBD-2A10-4AAF-8153-B814BCA62193}.Ad-Hoc|x86.Deploy.0 = Debug|Any CPU
		{0C56CFBD-2A10-4AAF-8153-B814BCA62193}.AppStore|Any CPU.ActiveCfg = Debug|Any CPU
		{0C56CFBD-2A10-4AAF-8153-B814BCA62193}.AppStore|Any CPU.Build.0 = Debug|Any CPU
		{0C56CFBD-2A10-4AAF-8153-B814BCA62193}.AppStore|Any CPU.Deploy.0 = Debug|Any CPU
		{0C56CFBD-2A10-4AAF-8153-B814BCA62193}.AppStore|ARM.ActiveCfg = Debug|Any CPU
		{0C56CFBD-2A10-4AAF-8153-B814BCA62193}.AppStore|ARM.Build.0 = Debug|Any CPU
		{0C56CFBD-2A10-4AAF-8153-B814BCA62193}.AppStore|ARM.Deploy.0 = Debug|Any CPU
		{0C56CFBD-2A10-4AAF-8153-B814BCA62193}.AppStore|ARM64.ActiveCfg = Debug|Any CPU
		{0C56CFBD-2A10-4AAF-8153-B814BCA62193}.AppStore|ARM64.Build.0 = Debug|Any CPU
		{0C56CFBD-2A10-4AAF-8153-B814BCA62193}.AppStore|ARM64.Deploy.0 = Debug|Any CPU
		{0C56CFBD-2A10-4AAF-8153-B814BCA62193}.AppStore|iPhone.ActiveCfg = Debug|Any CPU
		{0C56CFBD-2A10-4AAF-8153-B814BCA62193}.AppStore|iPhone.Build.0 = Debug|Any CPU
		{0C56CFBD-2A10-4AAF-8153-B814BCA62193}.AppStore|iPhone.Deploy.0 = Debug|Any CPU
		{0C56CFBD-2A10-4AAF-8153-B814BCA62193}.AppStore|iPhoneSimulator.ActiveCfg = Debug|Any CPU
		{0C56CFBD-2A10-4AAF-8153-B814BCA62193}.AppStore|iPhoneSimulator.Build.0 = Debug|Any CPU
		{0C56CFBD-2A10-4AAF-8153-B814BCA62193}.AppStore|iPhoneSimulator.Deploy.0 = Debug|Any CPU
		{0C56CFBD-2A10-4AAF-8153-B814BCA62193}.AppStore|x64.ActiveCfg = Debug|Any CPU
		{0C56CFBD-2A10-4AAF-8153-B814BCA62193}.AppStore|x64.Build.0 = Debug|Any CPU
		{0C56CFBD-2A10-4AAF-8153-B814BCA62193}.AppStore|x64.Deploy.0 = Debug|Any CPU
		{0C56CFBD-2A10-4AAF-8153-B814BCA62193}.AppStore|x86.ActiveCfg = Debug|Any CPU
		{0C56CFBD-2A10-4AAF-8153-B814BCA62193}.AppStore|x86.Build.0 = Debug|Any CPU
		{0C56CFBD-2A10-4AAF-8153-B814BCA62193}.AppStore|x86.Deploy.0 = Debug|Any CPU
		{0C56CFBD-2A10-4AAF-8153-B814BCA62193}.Debug|Any CPU.ActiveCfg = Debug|Any CPU
		{0C56CFBD-2A10-4AAF-8153-B814BCA62193}.Debug|Any CPU.Build.0 = Debug|Any CPU
		{0C56CFBD-2A10-4AAF-8153-B814BCA62193}.Debug|Any CPU.Deploy.0 = Debug|Any CPU
		{0C56CFBD-2A10-4AAF-8153-B814BCA62193}.Debug|ARM.ActiveCfg = Debug|Any CPU
		{0C56CFBD-2A10-4AAF-8153-B814BCA62193}.Debug|ARM.Build.0 = Debug|Any CPU
		{0C56CFBD-2A10-4AAF-8153-B814BCA62193}.Debug|ARM.Deploy.0 = Debug|Any CPU
		{0C56CFBD-2A10-4AAF-8153-B814BCA62193}.Debug|ARM64.ActiveCfg = Debug|Any CPU
		{0C56CFBD-2A10-4AAF-8153-B814BCA62193}.Debug|ARM64.Build.0 = Debug|Any CPU
		{0C56CFBD-2A10-4AAF-8153-B814BCA62193}.Debug|ARM64.Deploy.0 = Debug|Any CPU
		{0C56CFBD-2A10-4AAF-8153-B814BCA62193}.Debug|iPhone.ActiveCfg = Debug|Any CPU
		{0C56CFBD-2A10-4AAF-8153-B814BCA62193}.Debug|iPhone.Build.0 = Debug|Any CPU
		{0C56CFBD-2A10-4AAF-8153-B814BCA62193}.Debug|iPhone.Deploy.0 = Debug|Any CPU
		{0C56CFBD-2A10-4AAF-8153-B814BCA62193}.Debug|iPhoneSimulator.ActiveCfg = Debug|Any CPU
		{0C56CFBD-2A10-4AAF-8153-B814BCA62193}.Debug|iPhoneSimulator.Build.0 = Debug|Any CPU
		{0C56CFBD-2A10-4AAF-8153-B814BCA62193}.Debug|iPhoneSimulator.Deploy.0 = Debug|Any CPU
		{0C56CFBD-2A10-4AAF-8153-B814BCA62193}.Debug|x64.ActiveCfg = Debug|Any CPU
		{0C56CFBD-2A10-4AAF-8153-B814BCA62193}.Debug|x64.Build.0 = Debug|Any CPU
		{0C56CFBD-2A10-4AAF-8153-B814BCA62193}.Debug|x64.Deploy.0 = Debug|Any CPU
		{0C56CFBD-2A10-4AAF-8153-B814BCA62193}.Debug|x86.ActiveCfg = Debug|Any CPU
		{0C56CFBD-2A10-4AAF-8153-B814BCA62193}.Debug|x86.Build.0 = Debug|Any CPU
		{0C56CFBD-2A10-4AAF-8153-B814BCA62193}.Debug|x86.Deploy.0 = Debug|Any CPU
		{0C56CFBD-2A10-4AAF-8153-B814BCA62193}.Release|Any CPU.ActiveCfg = Release|Any CPU
		{0C56CFBD-2A10-4AAF-8153-B814BCA62193}.Release|Any CPU.Build.0 = Release|Any CPU
		{0C56CFBD-2A10-4AAF-8153-B814BCA62193}.Release|Any CPU.Deploy.0 = Release|Any CPU
		{0C56CFBD-2A10-4AAF-8153-B814BCA62193}.Release|ARM.ActiveCfg = Release|Any CPU
		{0C56CFBD-2A10-4AAF-8153-B814BCA62193}.Release|ARM.Build.0 = Release|Any CPU
		{0C56CFBD-2A10-4AAF-8153-B814BCA62193}.Release|ARM.Deploy.0 = Release|Any CPU
		{0C56CFBD-2A10-4AAF-8153-B814BCA62193}.Release|ARM64.ActiveCfg = Release|Any CPU
		{0C56CFBD-2A10-4AAF-8153-B814BCA62193}.Release|ARM64.Build.0 = Release|Any CPU
		{0C56CFBD-2A10-4AAF-8153-B814BCA62193}.Release|ARM64.Deploy.0 = Release|Any CPU
		{0C56CFBD-2A10-4AAF-8153-B814BCA62193}.Release|iPhone.ActiveCfg = Release|Any CPU
		{0C56CFBD-2A10-4AAF-8153-B814BCA62193}.Release|iPhone.Build.0 = Release|Any CPU
		{0C56CFBD-2A10-4AAF-8153-B814BCA62193}.Release|iPhone.Deploy.0 = Release|Any CPU
		{0C56CFBD-2A10-4AAF-8153-B814BCA62193}.Release|iPhoneSimulator.ActiveCfg = Release|Any CPU
		{0C56CFBD-2A10-4AAF-8153-B814BCA62193}.Release|iPhoneSimulator.Build.0 = Release|Any CPU
		{0C56CFBD-2A10-4AAF-8153-B814BCA62193}.Release|iPhoneSimulator.Deploy.0 = Release|Any CPU
		{0C56CFBD-2A10-4AAF-8153-B814BCA62193}.Release|x64.ActiveCfg = Release|Any CPU
		{0C56CFBD-2A10-4AAF-8153-B814BCA62193}.Release|x64.Build.0 = Release|Any CPU
		{0C56CFBD-2A10-4AAF-8153-B814BCA62193}.Release|x64.Deploy.0 = Release|Any CPU
		{0C56CFBD-2A10-4AAF-8153-B814BCA62193}.Release|x86.ActiveCfg = Release|Any CPU
		{0C56CFBD-2A10-4AAF-8153-B814BCA62193}.Release|x86.Build.0 = Release|Any CPU
		{0C56CFBD-2A10-4AAF-8153-B814BCA62193}.Release|x86.Deploy.0 = Release|Any CPU
		{17861219-D57E-4F84-BE8D-A7083B641061}.Ad-Hoc|Any CPU.ActiveCfg = Ad-Hoc|iPhoneSimulator
		{17861219-D57E-4F84-BE8D-A7083B641061}.Ad-Hoc|Any CPU.Build.0 = Ad-Hoc|iPhoneSimulator
		{17861219-D57E-4F84-BE8D-A7083B641061}.Ad-Hoc|ARM.ActiveCfg = Ad-Hoc|iPhoneSimulator
		{17861219-D57E-4F84-BE8D-A7083B641061}.Ad-Hoc|ARM.Build.0 = Ad-Hoc|iPhoneSimulator
		{17861219-D57E-4F84-BE8D-A7083B641061}.Ad-Hoc|ARM64.ActiveCfg = Ad-Hoc|iPhoneSimulator
		{17861219-D57E-4F84-BE8D-A7083B641061}.Ad-Hoc|ARM64.Build.0 = Ad-Hoc|iPhoneSimulator
		{17861219-D57E-4F84-BE8D-A7083B641061}.Ad-Hoc|iPhone.ActiveCfg = Ad-Hoc|iPhone
		{17861219-D57E-4F84-BE8D-A7083B641061}.Ad-Hoc|iPhone.Build.0 = Ad-Hoc|iPhone
		{17861219-D57E-4F84-BE8D-A7083B641061}.Ad-Hoc|iPhoneSimulator.ActiveCfg = Ad-Hoc|iPhoneSimulator
		{17861219-D57E-4F84-BE8D-A7083B641061}.Ad-Hoc|iPhoneSimulator.Build.0 = Ad-Hoc|iPhoneSimulator
		{17861219-D57E-4F84-BE8D-A7083B641061}.Ad-Hoc|x64.ActiveCfg = Ad-Hoc|iPhoneSimulator
		{17861219-D57E-4F84-BE8D-A7083B641061}.Ad-Hoc|x64.Build.0 = Ad-Hoc|iPhoneSimulator
		{17861219-D57E-4F84-BE8D-A7083B641061}.Ad-Hoc|x86.ActiveCfg = Ad-Hoc|iPhoneSimulator
		{17861219-D57E-4F84-BE8D-A7083B641061}.Ad-Hoc|x86.Build.0 = Ad-Hoc|iPhoneSimulator
		{17861219-D57E-4F84-BE8D-A7083B641061}.AppStore|Any CPU.ActiveCfg = AppStore|iPhoneSimulator
		{17861219-D57E-4F84-BE8D-A7083B641061}.AppStore|Any CPU.Build.0 = AppStore|iPhoneSimulator
		{17861219-D57E-4F84-BE8D-A7083B641061}.AppStore|ARM.ActiveCfg = AppStore|iPhoneSimulator
		{17861219-D57E-4F84-BE8D-A7083B641061}.AppStore|ARM.Build.0 = AppStore|iPhoneSimulator
		{17861219-D57E-4F84-BE8D-A7083B641061}.AppStore|ARM64.ActiveCfg = AppStore|iPhoneSimulator
		{17861219-D57E-4F84-BE8D-A7083B641061}.AppStore|ARM64.Build.0 = AppStore|iPhoneSimulator
		{17861219-D57E-4F84-BE8D-A7083B641061}.AppStore|iPhone.ActiveCfg = AppStore|iPhone
		{17861219-D57E-4F84-BE8D-A7083B641061}.AppStore|iPhone.Build.0 = AppStore|iPhone
		{17861219-D57E-4F84-BE8D-A7083B641061}.AppStore|iPhoneSimulator.ActiveCfg = AppStore|iPhoneSimulator
		{17861219-D57E-4F84-BE8D-A7083B641061}.AppStore|iPhoneSimulator.Build.0 = AppStore|iPhoneSimulator
		{17861219-D57E-4F84-BE8D-A7083B641061}.AppStore|x64.ActiveCfg = AppStore|iPhoneSimulator
		{17861219-D57E-4F84-BE8D-A7083B641061}.AppStore|x64.Build.0 = AppStore|iPhoneSimulator
		{17861219-D57E-4F84-BE8D-A7083B641061}.AppStore|x86.ActiveCfg = AppStore|iPhoneSimulator
		{17861219-D57E-4F84-BE8D-A7083B641061}.AppStore|x86.Build.0 = AppStore|iPhoneSimulator
		{17861219-D57E-4F84-BE8D-A7083B641061}.Debug|Any CPU.ActiveCfg = Debug|iPhoneSimulator
		{17861219-D57E-4F84-BE8D-A7083B641061}.Debug|Any CPU.Build.0 = Debug|iPhoneSimulator
		{17861219-D57E-4F84-BE8D-A7083B641061}.Debug|ARM.ActiveCfg = Debug|iPhoneSimulator
		{17861219-D57E-4F84-BE8D-A7083B641061}.Debug|ARM.Build.0 = Debug|iPhoneSimulator
		{17861219-D57E-4F84-BE8D-A7083B641061}.Debug|ARM64.ActiveCfg = Debug|iPhoneSimulator
		{17861219-D57E-4F84-BE8D-A7083B641061}.Debug|ARM64.Build.0 = Debug|iPhoneSimulator
		{17861219-D57E-4F84-BE8D-A7083B641061}.Debug|iPhone.ActiveCfg = Debug|iPhone
		{17861219-D57E-4F84-BE8D-A7083B641061}.Debug|iPhone.Build.0 = Debug|iPhone
		{17861219-D57E-4F84-BE8D-A7083B641061}.Debug|iPhoneSimulator.ActiveCfg = Debug|iPhoneSimulator
		{17861219-D57E-4F84-BE8D-A7083B641061}.Debug|iPhoneSimulator.Build.0 = Debug|iPhoneSimulator
		{17861219-D57E-4F84-BE8D-A7083B641061}.Debug|x64.ActiveCfg = Debug|iPhoneSimulator
		{17861219-D57E-4F84-BE8D-A7083B641061}.Debug|x64.Build.0 = Debug|iPhoneSimulator
		{17861219-D57E-4F84-BE8D-A7083B641061}.Debug|x86.ActiveCfg = Debug|iPhoneSimulator
		{17861219-D57E-4F84-BE8D-A7083B641061}.Debug|x86.Build.0 = Debug|iPhoneSimulator
		{17861219-D57E-4F84-BE8D-A7083B641061}.Release|Any CPU.ActiveCfg = Release|iPhoneSimulator
		{17861219-D57E-4F84-BE8D-A7083B641061}.Release|Any CPU.Build.0 = Release|iPhoneSimulator
		{17861219-D57E-4F84-BE8D-A7083B641061}.Release|ARM.ActiveCfg = Release|iPhoneSimulator
		{17861219-D57E-4F84-BE8D-A7083B641061}.Release|ARM.Build.0 = Release|iPhoneSimulator
		{17861219-D57E-4F84-BE8D-A7083B641061}.Release|ARM64.ActiveCfg = Release|iPhoneSimulator
		{17861219-D57E-4F84-BE8D-A7083B641061}.Release|ARM64.Build.0 = Release|iPhoneSimulator
		{17861219-D57E-4F84-BE8D-A7083B641061}.Release|iPhone.ActiveCfg = Release|iPhone
		{17861219-D57E-4F84-BE8D-A7083B641061}.Release|iPhone.Build.0 = Release|iPhone
		{17861219-D57E-4F84-BE8D-A7083B641061}.Release|iPhoneSimulator.ActiveCfg = Release|iPhoneSimulator
		{17861219-D57E-4F84-BE8D-A7083B641061}.Release|iPhoneSimulator.Build.0 = Release|iPhoneSimulator
		{17861219-D57E-4F84-BE8D-A7083B641061}.Release|x64.ActiveCfg = Release|iPhoneSimulator
		{17861219-D57E-4F84-BE8D-A7083B641061}.Release|x64.Build.0 = Release|iPhoneSimulator
		{17861219-D57E-4F84-BE8D-A7083B641061}.Release|x86.ActiveCfg = Release|iPhoneSimulator
		{17861219-D57E-4F84-BE8D-A7083B641061}.Release|x86.Build.0 = Release|iPhoneSimulator
		{F859F6A5-38EA-409F-8659-D27FB4B5C49D}.Ad-Hoc|Any CPU.ActiveCfg = Debug|x86
		{F859F6A5-38EA-409F-8659-D27FB4B5C49D}.Ad-Hoc|Any CPU.Build.0 = Debug|x86
		{F859F6A5-38EA-409F-8659-D27FB4B5C49D}.Ad-Hoc|Any CPU.Deploy.0 = Debug|x86
		{F859F6A5-38EA-409F-8659-D27FB4B5C49D}.Ad-Hoc|ARM.ActiveCfg = Debug|ARM
		{F859F6A5-38EA-409F-8659-D27FB4B5C49D}.Ad-Hoc|ARM.Build.0 = Debug|ARM
		{F859F6A5-38EA-409F-8659-D27FB4B5C49D}.Ad-Hoc|ARM.Deploy.0 = Debug|ARM
		{F859F6A5-38EA-409F-8659-D27FB4B5C49D}.Ad-Hoc|ARM64.ActiveCfg = Debug|ARM64
		{F859F6A5-38EA-409F-8659-D27FB4B5C49D}.Ad-Hoc|ARM64.Build.0 = Debug|ARM64
		{F859F6A5-38EA-409F-8659-D27FB4B5C49D}.Ad-Hoc|ARM64.Deploy.0 = Debug|ARM64
		{F859F6A5-38EA-409F-8659-D27FB4B5C49D}.Ad-Hoc|iPhone.ActiveCfg = Debug|x86
		{F859F6A5-38EA-409F-8659-D27FB4B5C49D}.Ad-Hoc|iPhone.Build.0 = Debug|x86
		{F859F6A5-38EA-409F-8659-D27FB4B5C49D}.Ad-Hoc|iPhone.Deploy.0 = Debug|x86
		{F859F6A5-38EA-409F-8659-D27FB4B5C49D}.Ad-Hoc|iPhoneSimulator.ActiveCfg = Debug|x86
		{F859F6A5-38EA-409F-8659-D27FB4B5C49D}.Ad-Hoc|iPhoneSimulator.Build.0 = Debug|x86
		{F859F6A5-38EA-409F-8659-D27FB4B5C49D}.Ad-Hoc|iPhoneSimulator.Deploy.0 = Debug|x86
		{F859F6A5-38EA-409F-8659-D27FB4B5C49D}.Ad-Hoc|x64.ActiveCfg = Debug|x64
		{F859F6A5-38EA-409F-8659-D27FB4B5C49D}.Ad-Hoc|x64.Build.0 = Debug|x64
		{F859F6A5-38EA-409F-8659-D27FB4B5C49D}.Ad-Hoc|x64.Deploy.0 = Debug|x64
		{F859F6A5-38EA-409F-8659-D27FB4B5C49D}.Ad-Hoc|x86.ActiveCfg = Debug|x86
		{F859F6A5-38EA-409F-8659-D27FB4B5C49D}.Ad-Hoc|x86.Build.0 = Debug|x86
		{F859F6A5-38EA-409F-8659-D27FB4B5C49D}.Ad-Hoc|x86.Deploy.0 = Debug|x86
		{F859F6A5-38EA-409F-8659-D27FB4B5C49D}.AppStore|Any CPU.ActiveCfg = Debug|x86
		{F859F6A5-38EA-409F-8659-D27FB4B5C49D}.AppStore|Any CPU.Build.0 = Debug|x86
		{F859F6A5-38EA-409F-8659-D27FB4B5C49D}.AppStore|Any CPU.Deploy.0 = Debug|x86
		{F859F6A5-38EA-409F-8659-D27FB4B5C49D}.AppStore|ARM.ActiveCfg = Debug|ARM
		{F859F6A5-38EA-409F-8659-D27FB4B5C49D}.AppStore|ARM.Build.0 = Debug|ARM
		{F859F6A5-38EA-409F-8659-D27FB4B5C49D}.AppStore|ARM.Deploy.0 = Debug|ARM
		{F859F6A5-38EA-409F-8659-D27FB4B5C49D}.AppStore|ARM64.ActiveCfg = Debug|ARM64
		{F859F6A5-38EA-409F-8659-D27FB4B5C49D}.AppStore|ARM64.Build.0 = Debug|ARM64
		{F859F6A5-38EA-409F-8659-D27FB4B5C49D}.AppStore|ARM64.Deploy.0 = Debug|ARM64
		{F859F6A5-38EA-409F-8659-D27FB4B5C49D}.AppStore|iPhone.ActiveCfg = Debug|x86
		{F859F6A5-38EA-409F-8659-D27FB4B5C49D}.AppStore|iPhone.Build.0 = Debug|x86
		{F859F6A5-38EA-409F-8659-D27FB4B5C49D}.AppStore|iPhone.Deploy.0 = Debug|x86
		{F859F6A5-38EA-409F-8659-D27FB4B5C49D}.AppStore|iPhoneSimulator.ActiveCfg = Debug|x86
		{F859F6A5-38EA-409F-8659-D27FB4B5C49D}.AppStore|iPhoneSimulator.Build.0 = Debug|x86
		{F859F6A5-38EA-409F-8659-D27FB4B5C49D}.AppStore|iPhoneSimulator.Deploy.0 = Debug|x86
		{F859F6A5-38EA-409F-8659-D27FB4B5C49D}.AppStore|x64.ActiveCfg = Debug|x64
		{F859F6A5-38EA-409F-8659-D27FB4B5C49D}.AppStore|x64.Build.0 = Debug|x64
		{F859F6A5-38EA-409F-8659-D27FB4B5C49D}.AppStore|x64.Deploy.0 = Debug|x64
		{F859F6A5-38EA-409F-8659-D27FB4B5C49D}.AppStore|x86.ActiveCfg = Debug|x86
		{F859F6A5-38EA-409F-8659-D27FB4B5C49D}.AppStore|x86.Build.0 = Debug|x86
		{F859F6A5-38EA-409F-8659-D27FB4B5C49D}.AppStore|x86.Deploy.0 = Debug|x86
		{F859F6A5-38EA-409F-8659-D27FB4B5C49D}.Debug|Any CPU.ActiveCfg = Debug|x64
		{F859F6A5-38EA-409F-8659-D27FB4B5C49D}.Debug|Any CPU.Build.0 = Debug|x64
		{F859F6A5-38EA-409F-8659-D27FB4B5C49D}.Debug|Any CPU.Deploy.0 = Debug|x64
		{F859F6A5-38EA-409F-8659-D27FB4B5C49D}.Debug|ARM.ActiveCfg = Debug|ARM
		{F859F6A5-38EA-409F-8659-D27FB4B5C49D}.Debug|ARM.Build.0 = Debug|ARM
		{F859F6A5-38EA-409F-8659-D27FB4B5C49D}.Debug|ARM.Deploy.0 = Debug|ARM
		{F859F6A5-38EA-409F-8659-D27FB4B5C49D}.Debug|ARM64.ActiveCfg = Debug|ARM64
		{F859F6A5-38EA-409F-8659-D27FB4B5C49D}.Debug|ARM64.Build.0 = Debug|ARM64
		{F859F6A5-38EA-409F-8659-D27FB4B5C49D}.Debug|ARM64.Deploy.0 = Debug|ARM64
		{F859F6A5-38EA-409F-8659-D27FB4B5C49D}.Debug|iPhone.ActiveCfg = Debug|x64
		{F859F6A5-38EA-409F-8659-D27FB4B5C49D}.Debug|iPhone.Build.0 = Debug|x64
		{F859F6A5-38EA-409F-8659-D27FB4B5C49D}.Debug|iPhone.Deploy.0 = Debug|x64
		{F859F6A5-38EA-409F-8659-D27FB4B5C49D}.Debug|iPhoneSimulator.ActiveCfg = Debug|x64
		{F859F6A5-38EA-409F-8659-D27FB4B5C49D}.Debug|iPhoneSimulator.Build.0 = Debug|x64
		{F859F6A5-38EA-409F-8659-D27FB4B5C49D}.Debug|iPhoneSimulator.Deploy.0 = Debug|x64
		{F859F6A5-38EA-409F-8659-D27FB4B5C49D}.Debug|x64.ActiveCfg = Debug|x64
		{F859F6A5-38EA-409F-8659-D27FB4B5C49D}.Debug|x64.Build.0 = Debug|x64
		{F859F6A5-38EA-409F-8659-D27FB4B5C49D}.Debug|x64.Deploy.0 = Debug|x64
		{F859F6A5-38EA-409F-8659-D27FB4B5C49D}.Debug|x86.ActiveCfg = Debug|x86
		{F859F6A5-38EA-409F-8659-D27FB4B5C49D}.Debug|x86.Build.0 = Debug|x86
		{F859F6A5-38EA-409F-8659-D27FB4B5C49D}.Debug|x86.Deploy.0 = Debug|x86
		{F859F6A5-38EA-409F-8659-D27FB4B5C49D}.Release|Any CPU.ActiveCfg = Release|x64
		{F859F6A5-38EA-409F-8659-D27FB4B5C49D}.Release|Any CPU.Build.0 = Release|x64
		{F859F6A5-38EA-409F-8659-D27FB4B5C49D}.Release|Any CPU.Deploy.0 = Release|x64
		{F859F6A5-38EA-409F-8659-D27FB4B5C49D}.Release|ARM.ActiveCfg = Release|ARM
		{F859F6A5-38EA-409F-8659-D27FB4B5C49D}.Release|ARM.Build.0 = Release|ARM
		{F859F6A5-38EA-409F-8659-D27FB4B5C49D}.Release|ARM.Deploy.0 = Release|ARM
		{F859F6A5-38EA-409F-8659-D27FB4B5C49D}.Release|ARM64.ActiveCfg = Release|ARM64
		{F859F6A5-38EA-409F-8659-D27FB4B5C49D}.Release|ARM64.Build.0 = Release|ARM64
		{F859F6A5-38EA-409F-8659-D27FB4B5C49D}.Release|ARM64.Deploy.0 = Release|ARM64
		{F859F6A5-38EA-409F-8659-D27FB4B5C49D}.Release|iPhone.ActiveCfg = Release|x64
		{F859F6A5-38EA-409F-8659-D27FB4B5C49D}.Release|iPhone.Build.0 = Release|x64
		{F859F6A5-38EA-409F-8659-D27FB4B5C49D}.Release|iPhone.Deploy.0 = Release|x64
		{F859F6A5-38EA-409F-8659-D27FB4B5C49D}.Release|iPhoneSimulator.ActiveCfg = Release|x64
		{F859F6A5-38EA-409F-8659-D27FB4B5C49D}.Release|iPhoneSimulator.Build.0 = Release|x64
		{F859F6A5-38EA-409F-8659-D27FB4B5C49D}.Release|iPhoneSimulator.Deploy.0 = Release|x64
		{F859F6A5-38EA-409F-8659-D27FB4B5C49D}.Release|x64.ActiveCfg = Release|x64
		{F859F6A5-38EA-409F-8659-D27FB4B5C49D}.Release|x64.Build.0 = Release|x64
		{F859F6A5-38EA-409F-8659-D27FB4B5C49D}.Release|x64.Deploy.0 = Release|x64
		{F859F6A5-38EA-409F-8659-D27FB4B5C49D}.Release|x86.ActiveCfg = Release|x86
		{F859F6A5-38EA-409F-8659-D27FB4B5C49D}.Release|x86.Build.0 = Release|x86
		{F859F6A5-38EA-409F-8659-D27FB4B5C49D}.Release|x86.Deploy.0 = Release|x86
		{6D742124-2B8D-4E13-8010-170579B88B4D}.Ad-Hoc|Any CPU.ActiveCfg = Debug|Any CPU
		{6D742124-2B8D-4E13-8010-170579B88B4D}.Ad-Hoc|Any CPU.Build.0 = Debug|Any CPU
		{6D742124-2B8D-4E13-8010-170579B88B4D}.Ad-Hoc|ARM.ActiveCfg = Debug|Any CPU
		{6D742124-2B8D-4E13-8010-170579B88B4D}.Ad-Hoc|ARM.Build.0 = Debug|Any CPU
		{6D742124-2B8D-4E13-8010-170579B88B4D}.Ad-Hoc|ARM64.ActiveCfg = Debug|Any CPU
		{6D742124-2B8D-4E13-8010-170579B88B4D}.Ad-Hoc|ARM64.Build.0 = Debug|Any CPU
		{6D742124-2B8D-4E13-8010-170579B88B4D}.Ad-Hoc|iPhone.ActiveCfg = Debug|Any CPU
		{6D742124-2B8D-4E13-8010-170579B88B4D}.Ad-Hoc|iPhone.Build.0 = Debug|Any CPU
		{6D742124-2B8D-4E13-8010-170579B88B4D}.Ad-Hoc|iPhoneSimulator.ActiveCfg = Debug|Any CPU
		{6D742124-2B8D-4E13-8010-170579B88B4D}.Ad-Hoc|iPhoneSimulator.Build.0 = Debug|Any CPU
		{6D742124-2B8D-4E13-8010-170579B88B4D}.Ad-Hoc|x64.ActiveCfg = Debug|Any CPU
		{6D742124-2B8D-4E13-8010-170579B88B4D}.Ad-Hoc|x64.Build.0 = Debug|Any CPU
		{6D742124-2B8D-4E13-8010-170579B88B4D}.Ad-Hoc|x86.ActiveCfg = Debug|Any CPU
		{6D742124-2B8D-4E13-8010-170579B88B4D}.Ad-Hoc|x86.Build.0 = Debug|Any CPU
		{6D742124-2B8D-4E13-8010-170579B88B4D}.AppStore|Any CPU.ActiveCfg = Debug|Any CPU
		{6D742124-2B8D-4E13-8010-170579B88B4D}.AppStore|Any CPU.Build.0 = Debug|Any CPU
		{6D742124-2B8D-4E13-8010-170579B88B4D}.AppStore|ARM.ActiveCfg = Debug|Any CPU
		{6D742124-2B8D-4E13-8010-170579B88B4D}.AppStore|ARM.Build.0 = Debug|Any CPU
		{6D742124-2B8D-4E13-8010-170579B88B4D}.AppStore|ARM64.ActiveCfg = Debug|Any CPU
		{6D742124-2B8D-4E13-8010-170579B88B4D}.AppStore|ARM64.Build.0 = Debug|Any CPU
		{6D742124-2B8D-4E13-8010-170579B88B4D}.AppStore|iPhone.ActiveCfg = Debug|Any CPU
		{6D742124-2B8D-4E13-8010-170579B88B4D}.AppStore|iPhone.Build.0 = Debug|Any CPU
		{6D742124-2B8D-4E13-8010-170579B88B4D}.AppStore|iPhoneSimulator.ActiveCfg = Debug|Any CPU
		{6D742124-2B8D-4E13-8010-170579B88B4D}.AppStore|iPhoneSimulator.Build.0 = Debug|Any CPU
		{6D742124-2B8D-4E13-8010-170579B88B4D}.AppStore|x64.ActiveCfg = Debug|Any CPU
		{6D742124-2B8D-4E13-8010-170579B88B4D}.AppStore|x64.Build.0 = Debug|Any CPU
		{6D742124-2B8D-4E13-8010-170579B88B4D}.AppStore|x86.ActiveCfg = Debug|Any CPU
		{6D742124-2B8D-4E13-8010-170579B88B4D}.AppStore|x86.Build.0 = Debug|Any CPU
		{6D742124-2B8D-4E13-8010-170579B88B4D}.Debug|Any CPU.ActiveCfg = Debug|Any CPU
		{6D742124-2B8D-4E13-8010-170579B88B4D}.Debug|Any CPU.Build.0 = Debug|Any CPU
		{6D742124-2B8D-4E13-8010-170579B88B4D}.Debug|ARM.ActiveCfg = Debug|Any CPU
		{6D742124-2B8D-4E13-8010-170579B88B4D}.Debug|ARM.Build.0 = Debug|Any CPU
		{6D742124-2B8D-4E13-8010-170579B88B4D}.Debug|ARM64.ActiveCfg = Debug|Any CPU
		{6D742124-2B8D-4E13-8010-170579B88B4D}.Debug|ARM64.Build.0 = Debug|Any CPU
		{6D742124-2B8D-4E13-8010-170579B88B4D}.Debug|iPhone.ActiveCfg = Debug|Any CPU
		{6D742124-2B8D-4E13-8010-170579B88B4D}.Debug|iPhone.Build.0 = Debug|Any CPU
		{6D742124-2B8D-4E13-8010-170579B88B4D}.Debug|iPhoneSimulator.ActiveCfg = Debug|Any CPU
		{6D742124-2B8D-4E13-8010-170579B88B4D}.Debug|iPhoneSimulator.Build.0 = Debug|Any CPU
		{6D742124-2B8D-4E13-8010-170579B88B4D}.Debug|x64.ActiveCfg = Debug|Any CPU
		{6D742124-2B8D-4E13-8010-170579B88B4D}.Debug|x64.Build.0 = Debug|Any CPU
		{6D742124-2B8D-4E13-8010-170579B88B4D}.Debug|x86.ActiveCfg = Debug|Any CPU
		{6D742124-2B8D-4E13-8010-170579B88B4D}.Debug|x86.Build.0 = Debug|Any CPU
		{6D742124-2B8D-4E13-8010-170579B88B4D}.Release|Any CPU.ActiveCfg = Release|Any CPU
		{6D742124-2B8D-4E13-8010-170579B88B4D}.Release|Any CPU.Build.0 = Release|Any CPU
		{6D742124-2B8D-4E13-8010-170579B88B4D}.Release|ARM.ActiveCfg = Release|Any CPU
		{6D742124-2B8D-4E13-8010-170579B88B4D}.Release|ARM.Build.0 = Release|Any CPU
		{6D742124-2B8D-4E13-8010-170579B88B4D}.Release|ARM64.ActiveCfg = Release|Any CPU
		{6D742124-2B8D-4E13-8010-170579B88B4D}.Release|ARM64.Build.0 = Release|Any CPU
		{6D742124-2B8D-4E13-8010-170579B88B4D}.Release|iPhone.ActiveCfg = Release|Any CPU
		{6D742124-2B8D-4E13-8010-170579B88B4D}.Release|iPhone.Build.0 = Release|Any CPU
		{6D742124-2B8D-4E13-8010-170579B88B4D}.Release|iPhoneSimulator.ActiveCfg = Release|Any CPU
		{6D742124-2B8D-4E13-8010-170579B88B4D}.Release|iPhoneSimulator.Build.0 = Release|Any CPU
		{6D742124-2B8D-4E13-8010-170579B88B4D}.Release|x64.ActiveCfg = Release|Any CPU
		{6D742124-2B8D-4E13-8010-170579B88B4D}.Release|x64.Build.0 = Release|Any CPU
		{6D742124-2B8D-4E13-8010-170579B88B4D}.Release|x86.ActiveCfg = Release|Any CPU
		{6D742124-2B8D-4E13-8010-170579B88B4D}.Release|x86.Build.0 = Release|Any CPU
		{FAF09231-34D0-4EE5-A87E-FEF0C549EAD5}.Ad-Hoc|Any CPU.ActiveCfg = Debug|iPhoneSimulator
		{FAF09231-34D0-4EE5-A87E-FEF0C549EAD5}.Ad-Hoc|Any CPU.Build.0 = Debug|iPhoneSimulator
		{FAF09231-34D0-4EE5-A87E-FEF0C549EAD5}.Ad-Hoc|ARM.ActiveCfg = Debug|iPhoneSimulator
		{FAF09231-34D0-4EE5-A87E-FEF0C549EAD5}.Ad-Hoc|ARM.Build.0 = Debug|iPhoneSimulator
		{FAF09231-34D0-4EE5-A87E-FEF0C549EAD5}.Ad-Hoc|ARM64.ActiveCfg = Debug|iPhoneSimulator
		{FAF09231-34D0-4EE5-A87E-FEF0C549EAD5}.Ad-Hoc|ARM64.Build.0 = Debug|iPhoneSimulator
		{FAF09231-34D0-4EE5-A87E-FEF0C549EAD5}.Ad-Hoc|iPhone.ActiveCfg = Debug|iPhoneSimulator
		{FAF09231-34D0-4EE5-A87E-FEF0C549EAD5}.Ad-Hoc|iPhone.Build.0 = Debug|iPhoneSimulator
		{FAF09231-34D0-4EE5-A87E-FEF0C549EAD5}.Ad-Hoc|iPhoneSimulator.ActiveCfg = Debug|iPhoneSimulator
		{FAF09231-34D0-4EE5-A87E-FEF0C549EAD5}.Ad-Hoc|iPhoneSimulator.Build.0 = Debug|iPhoneSimulator
		{FAF09231-34D0-4EE5-A87E-FEF0C549EAD5}.Ad-Hoc|x64.ActiveCfg = Debug|iPhoneSimulator
		{FAF09231-34D0-4EE5-A87E-FEF0C549EAD5}.Ad-Hoc|x64.Build.0 = Debug|iPhoneSimulator
		{FAF09231-34D0-4EE5-A87E-FEF0C549EAD5}.Ad-Hoc|x86.ActiveCfg = Debug|iPhoneSimulator
		{FAF09231-34D0-4EE5-A87E-FEF0C549EAD5}.Ad-Hoc|x86.Build.0 = Debug|iPhoneSimulator
		{FAF09231-34D0-4EE5-A87E-FEF0C549EAD5}.AppStore|Any CPU.ActiveCfg = Debug|iPhoneSimulator
		{FAF09231-34D0-4EE5-A87E-FEF0C549EAD5}.AppStore|Any CPU.Build.0 = Debug|iPhoneSimulator
		{FAF09231-34D0-4EE5-A87E-FEF0C549EAD5}.AppStore|ARM.ActiveCfg = Debug|iPhoneSimulator
		{FAF09231-34D0-4EE5-A87E-FEF0C549EAD5}.AppStore|ARM.Build.0 = Debug|iPhoneSimulator
		{FAF09231-34D0-4EE5-A87E-FEF0C549EAD5}.AppStore|ARM64.ActiveCfg = Debug|iPhoneSimulator
		{FAF09231-34D0-4EE5-A87E-FEF0C549EAD5}.AppStore|ARM64.Build.0 = Debug|iPhoneSimulator
		{FAF09231-34D0-4EE5-A87E-FEF0C549EAD5}.AppStore|iPhone.ActiveCfg = Debug|iPhoneSimulator
		{FAF09231-34D0-4EE5-A87E-FEF0C549EAD5}.AppStore|iPhone.Build.0 = Debug|iPhoneSimulator
		{FAF09231-34D0-4EE5-A87E-FEF0C549EAD5}.AppStore|iPhoneSimulator.ActiveCfg = Debug|iPhoneSimulator
		{FAF09231-34D0-4EE5-A87E-FEF0C549EAD5}.AppStore|iPhoneSimulator.Build.0 = Debug|iPhoneSimulator
		{FAF09231-34D0-4EE5-A87E-FEF0C549EAD5}.AppStore|x64.ActiveCfg = Debug|iPhoneSimulator
		{FAF09231-34D0-4EE5-A87E-FEF0C549EAD5}.AppStore|x64.Build.0 = Debug|iPhoneSimulator
		{FAF09231-34D0-4EE5-A87E-FEF0C549EAD5}.AppStore|x86.ActiveCfg = Debug|iPhoneSimulator
		{FAF09231-34D0-4EE5-A87E-FEF0C549EAD5}.AppStore|x86.Build.0 = Debug|iPhoneSimulator
		{FAF09231-34D0-4EE5-A87E-FEF0C549EAD5}.Debug|Any CPU.ActiveCfg = Debug|iPhoneSimulator
		{FAF09231-34D0-4EE5-A87E-FEF0C549EAD5}.Debug|Any CPU.Build.0 = Debug|iPhoneSimulator
		{FAF09231-34D0-4EE5-A87E-FEF0C549EAD5}.Debug|ARM.ActiveCfg = Debug|iPhoneSimulator
		{FAF09231-34D0-4EE5-A87E-FEF0C549EAD5}.Debug|ARM.Build.0 = Debug|iPhoneSimulator
		{FAF09231-34D0-4EE5-A87E-FEF0C549EAD5}.Debug|ARM64.ActiveCfg = Debug|iPhoneSimulator
		{FAF09231-34D0-4EE5-A87E-FEF0C549EAD5}.Debug|ARM64.Build.0 = Debug|iPhoneSimulator
		{FAF09231-34D0-4EE5-A87E-FEF0C549EAD5}.Debug|iPhone.ActiveCfg = Debug|iPhoneSimulator
		{FAF09231-34D0-4EE5-A87E-FEF0C549EAD5}.Debug|iPhone.Build.0 = Debug|iPhoneSimulator
		{FAF09231-34D0-4EE5-A87E-FEF0C549EAD5}.Debug|iPhoneSimulator.ActiveCfg = Debug|iPhoneSimulator
		{FAF09231-34D0-4EE5-A87E-FEF0C549EAD5}.Debug|iPhoneSimulator.Build.0 = Debug|iPhoneSimulator
		{FAF09231-34D0-4EE5-A87E-FEF0C549EAD5}.Debug|x64.ActiveCfg = Debug|iPhoneSimulator
		{FAF09231-34D0-4EE5-A87E-FEF0C549EAD5}.Debug|x64.Build.0 = Debug|iPhoneSimulator
		{FAF09231-34D0-4EE5-A87E-FEF0C549EAD5}.Debug|x86.ActiveCfg = Debug|iPhoneSimulator
		{FAF09231-34D0-4EE5-A87E-FEF0C549EAD5}.Debug|x86.Build.0 = Debug|iPhoneSimulator
		{FAF09231-34D0-4EE5-A87E-FEF0C549EAD5}.Release|Any CPU.ActiveCfg = Release|iPhoneSimulator
		{FAF09231-34D0-4EE5-A87E-FEF0C549EAD5}.Release|Any CPU.Build.0 = Release|iPhoneSimulator
		{FAF09231-34D0-4EE5-A87E-FEF0C549EAD5}.Release|ARM.ActiveCfg = Release|iPhoneSimulator
		{FAF09231-34D0-4EE5-A87E-FEF0C549EAD5}.Release|ARM.Build.0 = Release|iPhoneSimulator
		{FAF09231-34D0-4EE5-A87E-FEF0C549EAD5}.Release|ARM64.ActiveCfg = Release|iPhoneSimulator
		{FAF09231-34D0-4EE5-A87E-FEF0C549EAD5}.Release|ARM64.Build.0 = Release|iPhoneSimulator
		{FAF09231-34D0-4EE5-A87E-FEF0C549EAD5}.Release|iPhone.ActiveCfg = Release|iPhoneSimulator
		{FAF09231-34D0-4EE5-A87E-FEF0C549EAD5}.Release|iPhone.Build.0 = Release|iPhoneSimulator
		{FAF09231-34D0-4EE5-A87E-FEF0C549EAD5}.Release|iPhoneSimulator.ActiveCfg = Release|iPhoneSimulator
		{FAF09231-34D0-4EE5-A87E-FEF0C549EAD5}.Release|iPhoneSimulator.Build.0 = Release|iPhoneSimulator
		{FAF09231-34D0-4EE5-A87E-FEF0C549EAD5}.Release|x64.ActiveCfg = Release|iPhoneSimulator
		{FAF09231-34D0-4EE5-A87E-FEF0C549EAD5}.Release|x64.Build.0 = Release|iPhoneSimulator
		{FAF09231-34D0-4EE5-A87E-FEF0C549EAD5}.Release|x86.ActiveCfg = Release|iPhoneSimulator
		{FAF09231-34D0-4EE5-A87E-FEF0C549EAD5}.Release|x86.Build.0 = Release|iPhoneSimulator
		{FE9FE07D-0F38-4D41-AC36-B2CA7ED6EC86}.Ad-Hoc|Any CPU.ActiveCfg = Debug|Any CPU
		{FE9FE07D-0F38-4D41-AC36-B2CA7ED6EC86}.Ad-Hoc|Any CPU.Build.0 = Debug|Any CPU
		{FE9FE07D-0F38-4D41-AC36-B2CA7ED6EC86}.Ad-Hoc|ARM.ActiveCfg = Debug|Any CPU
		{FE9FE07D-0F38-4D41-AC36-B2CA7ED6EC86}.Ad-Hoc|ARM.Build.0 = Debug|Any CPU
		{FE9FE07D-0F38-4D41-AC36-B2CA7ED6EC86}.Ad-Hoc|ARM64.ActiveCfg = Debug|Any CPU
		{FE9FE07D-0F38-4D41-AC36-B2CA7ED6EC86}.Ad-Hoc|ARM64.Build.0 = Debug|Any CPU
		{FE9FE07D-0F38-4D41-AC36-B2CA7ED6EC86}.Ad-Hoc|iPhone.ActiveCfg = Debug|Any CPU
		{FE9FE07D-0F38-4D41-AC36-B2CA7ED6EC86}.Ad-Hoc|iPhone.Build.0 = Debug|Any CPU
		{FE9FE07D-0F38-4D41-AC36-B2CA7ED6EC86}.Ad-Hoc|iPhoneSimulator.ActiveCfg = Debug|Any CPU
		{FE9FE07D-0F38-4D41-AC36-B2CA7ED6EC86}.Ad-Hoc|iPhoneSimulator.Build.0 = Debug|Any CPU
		{FE9FE07D-0F38-4D41-AC36-B2CA7ED6EC86}.Ad-Hoc|x64.ActiveCfg = Debug|Any CPU
		{FE9FE07D-0F38-4D41-AC36-B2CA7ED6EC86}.Ad-Hoc|x64.Build.0 = Debug|Any CPU
		{FE9FE07D-0F38-4D41-AC36-B2CA7ED6EC86}.Ad-Hoc|x86.ActiveCfg = Debug|Any CPU
		{FE9FE07D-0F38-4D41-AC36-B2CA7ED6EC86}.Ad-Hoc|x86.Build.0 = Debug|Any CPU
		{FE9FE07D-0F38-4D41-AC36-B2CA7ED6EC86}.AppStore|Any CPU.ActiveCfg = Debug|Any CPU
		{FE9FE07D-0F38-4D41-AC36-B2CA7ED6EC86}.AppStore|Any CPU.Build.0 = Debug|Any CPU
		{FE9FE07D-0F38-4D41-AC36-B2CA7ED6EC86}.AppStore|ARM.ActiveCfg = Debug|Any CPU
		{FE9FE07D-0F38-4D41-AC36-B2CA7ED6EC86}.AppStore|ARM.Build.0 = Debug|Any CPU
		{FE9FE07D-0F38-4D41-AC36-B2CA7ED6EC86}.AppStore|ARM64.ActiveCfg = Debug|Any CPU
		{FE9FE07D-0F38-4D41-AC36-B2CA7ED6EC86}.AppStore|ARM64.Build.0 = Debug|Any CPU
		{FE9FE07D-0F38-4D41-AC36-B2CA7ED6EC86}.AppStore|iPhone.ActiveCfg = Debug|Any CPU
		{FE9FE07D-0F38-4D41-AC36-B2CA7ED6EC86}.AppStore|iPhone.Build.0 = Debug|Any CPU
		{FE9FE07D-0F38-4D41-AC36-B2CA7ED6EC86}.AppStore|iPhoneSimulator.ActiveCfg = Debug|Any CPU
		{FE9FE07D-0F38-4D41-AC36-B2CA7ED6EC86}.AppStore|iPhoneSimulator.Build.0 = Debug|Any CPU
		{FE9FE07D-0F38-4D41-AC36-B2CA7ED6EC86}.AppStore|x64.ActiveCfg = Debug|Any CPU
		{FE9FE07D-0F38-4D41-AC36-B2CA7ED6EC86}.AppStore|x64.Build.0 = Debug|Any CPU
		{FE9FE07D-0F38-4D41-AC36-B2CA7ED6EC86}.AppStore|x86.ActiveCfg = Debug|Any CPU
		{FE9FE07D-0F38-4D41-AC36-B2CA7ED6EC86}.AppStore|x86.Build.0 = Debug|Any CPU
		{FE9FE07D-0F38-4D41-AC36-B2CA7ED6EC86}.Debug|Any CPU.ActiveCfg = Debug|Any CPU
		{FE9FE07D-0F38-4D41-AC36-B2CA7ED6EC86}.Debug|Any CPU.Build.0 = Debug|Any CPU
		{FE9FE07D-0F38-4D41-AC36-B2CA7ED6EC86}.Debug|ARM.ActiveCfg = Debug|Any CPU
		{FE9FE07D-0F38-4D41-AC36-B2CA7ED6EC86}.Debug|ARM.Build.0 = Debug|Any CPU
		{FE9FE07D-0F38-4D41-AC36-B2CA7ED6EC86}.Debug|ARM64.ActiveCfg = Debug|Any CPU
		{FE9FE07D-0F38-4D41-AC36-B2CA7ED6EC86}.Debug|ARM64.Build.0 = Debug|Any CPU
		{FE9FE07D-0F38-4D41-AC36-B2CA7ED6EC86}.Debug|iPhone.ActiveCfg = Debug|Any CPU
		{FE9FE07D-0F38-4D41-AC36-B2CA7ED6EC86}.Debug|iPhone.Build.0 = Debug|Any CPU
		{FE9FE07D-0F38-4D41-AC36-B2CA7ED6EC86}.Debug|iPhoneSimulator.ActiveCfg = Debug|Any CPU
		{FE9FE07D-0F38-4D41-AC36-B2CA7ED6EC86}.Debug|iPhoneSimulator.Build.0 = Debug|Any CPU
		{FE9FE07D-0F38-4D41-AC36-B2CA7ED6EC86}.Debug|x64.ActiveCfg = Debug|Any CPU
		{FE9FE07D-0F38-4D41-AC36-B2CA7ED6EC86}.Debug|x64.Build.0 = Debug|Any CPU
		{FE9FE07D-0F38-4D41-AC36-B2CA7ED6EC86}.Debug|x86.ActiveCfg = Debug|Any CPU
		{FE9FE07D-0F38-4D41-AC36-B2CA7ED6EC86}.Debug|x86.Build.0 = Debug|Any CPU
		{FE9FE07D-0F38-4D41-AC36-B2CA7ED6EC86}.Release|Any CPU.ActiveCfg = Release|Any CPU
		{FE9FE07D-0F38-4D41-AC36-B2CA7ED6EC86}.Release|Any CPU.Build.0 = Release|Any CPU
		{FE9FE07D-0F38-4D41-AC36-B2CA7ED6EC86}.Release|ARM.ActiveCfg = Release|Any CPU
		{FE9FE07D-0F38-4D41-AC36-B2CA7ED6EC86}.Release|ARM.Build.0 = Release|Any CPU
		{FE9FE07D-0F38-4D41-AC36-B2CA7ED6EC86}.Release|ARM64.ActiveCfg = Release|Any CPU
		{FE9FE07D-0F38-4D41-AC36-B2CA7ED6EC86}.Release|ARM64.Build.0 = Release|Any CPU
		{FE9FE07D-0F38-4D41-AC36-B2CA7ED6EC86}.Release|iPhone.ActiveCfg = Release|Any CPU
		{FE9FE07D-0F38-4D41-AC36-B2CA7ED6EC86}.Release|iPhone.Build.0 = Release|Any CPU
		{FE9FE07D-0F38-4D41-AC36-B2CA7ED6EC86}.Release|iPhoneSimulator.ActiveCfg = Release|Any CPU
		{FE9FE07D-0F38-4D41-AC36-B2CA7ED6EC86}.Release|iPhoneSimulator.Build.0 = Release|Any CPU
		{FE9FE07D-0F38-4D41-AC36-B2CA7ED6EC86}.Release|x64.ActiveCfg = Release|Any CPU
		{FE9FE07D-0F38-4D41-AC36-B2CA7ED6EC86}.Release|x64.Build.0 = Release|Any CPU
		{FE9FE07D-0F38-4D41-AC36-B2CA7ED6EC86}.Release|x86.ActiveCfg = Release|Any CPU
		{FE9FE07D-0F38-4D41-AC36-B2CA7ED6EC86}.Release|x86.Build.0 = Release|Any CPU
		{C428E968-BFF3-4D65-8C11-07C5E6F38F0F}.Ad-Hoc|Any CPU.ActiveCfg = Debug|Any CPU
		{C428E968-BFF3-4D65-8C11-07C5E6F38F0F}.Ad-Hoc|Any CPU.Build.0 = Debug|Any CPU
		{C428E968-BFF3-4D65-8C11-07C5E6F38F0F}.Ad-Hoc|ARM.ActiveCfg = Debug|Any CPU
		{C428E968-BFF3-4D65-8C11-07C5E6F38F0F}.Ad-Hoc|ARM.Build.0 = Debug|Any CPU
		{C428E968-BFF3-4D65-8C11-07C5E6F38F0F}.Ad-Hoc|ARM64.ActiveCfg = Debug|Any CPU
		{C428E968-BFF3-4D65-8C11-07C5E6F38F0F}.Ad-Hoc|ARM64.Build.0 = Debug|Any CPU
		{C428E968-BFF3-4D65-8C11-07C5E6F38F0F}.Ad-Hoc|iPhone.ActiveCfg = Debug|Any CPU
		{C428E968-BFF3-4D65-8C11-07C5E6F38F0F}.Ad-Hoc|iPhone.Build.0 = Debug|Any CPU
		{C428E968-BFF3-4D65-8C11-07C5E6F38F0F}.Ad-Hoc|iPhoneSimulator.ActiveCfg = Debug|Any CPU
		{C428E968-BFF3-4D65-8C11-07C5E6F38F0F}.Ad-Hoc|iPhoneSimulator.Build.0 = Debug|Any CPU
		{C428E968-BFF3-4D65-8C11-07C5E6F38F0F}.Ad-Hoc|x64.ActiveCfg = Debug|Any CPU
		{C428E968-BFF3-4D65-8C11-07C5E6F38F0F}.Ad-Hoc|x64.Build.0 = Debug|Any CPU
		{C428E968-BFF3-4D65-8C11-07C5E6F38F0F}.Ad-Hoc|x86.ActiveCfg = Debug|Any CPU
		{C428E968-BFF3-4D65-8C11-07C5E6F38F0F}.Ad-Hoc|x86.Build.0 = Debug|Any CPU
		{C428E968-BFF3-4D65-8C11-07C5E6F38F0F}.AppStore|Any CPU.ActiveCfg = Debug|Any CPU
		{C428E968-BFF3-4D65-8C11-07C5E6F38F0F}.AppStore|Any CPU.Build.0 = Debug|Any CPU
		{C428E968-BFF3-4D65-8C11-07C5E6F38F0F}.AppStore|ARM.ActiveCfg = Debug|Any CPU
		{C428E968-BFF3-4D65-8C11-07C5E6F38F0F}.AppStore|ARM.Build.0 = Debug|Any CPU
		{C428E968-BFF3-4D65-8C11-07C5E6F38F0F}.AppStore|ARM64.ActiveCfg = Debug|Any CPU
		{C428E968-BFF3-4D65-8C11-07C5E6F38F0F}.AppStore|ARM64.Build.0 = Debug|Any CPU
		{C428E968-BFF3-4D65-8C11-07C5E6F38F0F}.AppStore|iPhone.ActiveCfg = Debug|Any CPU
		{C428E968-BFF3-4D65-8C11-07C5E6F38F0F}.AppStore|iPhone.Build.0 = Debug|Any CPU
		{C428E968-BFF3-4D65-8C11-07C5E6F38F0F}.AppStore|iPhoneSimulator.ActiveCfg = Debug|Any CPU
		{C428E968-BFF3-4D65-8C11-07C5E6F38F0F}.AppStore|iPhoneSimulator.Build.0 = Debug|Any CPU
		{C428E968-BFF3-4D65-8C11-07C5E6F38F0F}.AppStore|x64.ActiveCfg = Debug|Any CPU
		{C428E968-BFF3-4D65-8C11-07C5E6F38F0F}.AppStore|x64.Build.0 = Debug|Any CPU
		{C428E968-BFF3-4D65-8C11-07C5E6F38F0F}.AppStore|x86.ActiveCfg = Debug|Any CPU
		{C428E968-BFF3-4D65-8C11-07C5E6F38F0F}.AppStore|x86.Build.0 = Debug|Any CPU
		{C428E968-BFF3-4D65-8C11-07C5E6F38F0F}.Debug|Any CPU.ActiveCfg = Debug|Any CPU
		{C428E968-BFF3-4D65-8C11-07C5E6F38F0F}.Debug|Any CPU.Build.0 = Debug|Any CPU
		{C428E968-BFF3-4D65-8C11-07C5E6F38F0F}.Debug|ARM.ActiveCfg = Debug|Any CPU
		{C428E968-BFF3-4D65-8C11-07C5E6F38F0F}.Debug|ARM.Build.0 = Debug|Any CPU
		{C428E968-BFF3-4D65-8C11-07C5E6F38F0F}.Debug|ARM64.ActiveCfg = Debug|Any CPU
		{C428E968-BFF3-4D65-8C11-07C5E6F38F0F}.Debug|ARM64.Build.0 = Debug|Any CPU
		{C428E968-BFF3-4D65-8C11-07C5E6F38F0F}.Debug|iPhone.ActiveCfg = Debug|Any CPU
		{C428E968-BFF3-4D65-8C11-07C5E6F38F0F}.Debug|iPhone.Build.0 = Debug|Any CPU
		{C428E968-BFF3-4D65-8C11-07C5E6F38F0F}.Debug|iPhoneSimulator.ActiveCfg = Debug|Any CPU
		{C428E968-BFF3-4D65-8C11-07C5E6F38F0F}.Debug|iPhoneSimulator.Build.0 = Debug|Any CPU
		{C428E968-BFF3-4D65-8C11-07C5E6F38F0F}.Debug|x64.ActiveCfg = Debug|Any CPU
		{C428E968-BFF3-4D65-8C11-07C5E6F38F0F}.Debug|x64.Build.0 = Debug|Any CPU
		{C428E968-BFF3-4D65-8C11-07C5E6F38F0F}.Debug|x86.ActiveCfg = Debug|Any CPU
		{C428E968-BFF3-4D65-8C11-07C5E6F38F0F}.Debug|x86.Build.0 = Debug|Any CPU
		{C428E968-BFF3-4D65-8C11-07C5E6F38F0F}.Release|Any CPU.ActiveCfg = Release|Any CPU
		{C428E968-BFF3-4D65-8C11-07C5E6F38F0F}.Release|Any CPU.Build.0 = Release|Any CPU
		{C428E968-BFF3-4D65-8C11-07C5E6F38F0F}.Release|ARM.ActiveCfg = Release|Any CPU
		{C428E968-BFF3-4D65-8C11-07C5E6F38F0F}.Release|ARM.Build.0 = Release|Any CPU
		{C428E968-BFF3-4D65-8C11-07C5E6F38F0F}.Release|ARM64.ActiveCfg = Release|Any CPU
		{C428E968-BFF3-4D65-8C11-07C5E6F38F0F}.Release|ARM64.Build.0 = Release|Any CPU
		{C428E968-BFF3-4D65-8C11-07C5E6F38F0F}.Release|iPhone.ActiveCfg = Release|Any CPU
		{C428E968-BFF3-4D65-8C11-07C5E6F38F0F}.Release|iPhone.Build.0 = Release|Any CPU
		{C428E968-BFF3-4D65-8C11-07C5E6F38F0F}.Release|iPhoneSimulator.ActiveCfg = Release|Any CPU
		{C428E968-BFF3-4D65-8C11-07C5E6F38F0F}.Release|iPhoneSimulator.Build.0 = Release|Any CPU
		{C428E968-BFF3-4D65-8C11-07C5E6F38F0F}.Release|x64.ActiveCfg = Release|Any CPU
		{C428E968-BFF3-4D65-8C11-07C5E6F38F0F}.Release|x64.Build.0 = Release|Any CPU
		{C428E968-BFF3-4D65-8C11-07C5E6F38F0F}.Release|x86.ActiveCfg = Release|Any CPU
		{C428E968-BFF3-4D65-8C11-07C5E6F38F0F}.Release|x86.Build.0 = Release|Any CPU
		{2132C7EA-2183-4BEA-9A89-DEB25CD52D1D}.Ad-Hoc|Any CPU.ActiveCfg = Debug|Any CPU
		{2132C7EA-2183-4BEA-9A89-DEB25CD52D1D}.Ad-Hoc|Any CPU.Build.0 = Debug|Any CPU
		{2132C7EA-2183-4BEA-9A89-DEB25CD52D1D}.Ad-Hoc|ARM.ActiveCfg = Debug|Any CPU
		{2132C7EA-2183-4BEA-9A89-DEB25CD52D1D}.Ad-Hoc|ARM.Build.0 = Debug|Any CPU
		{2132C7EA-2183-4BEA-9A89-DEB25CD52D1D}.Ad-Hoc|ARM64.ActiveCfg = Debug|Any CPU
		{2132C7EA-2183-4BEA-9A89-DEB25CD52D1D}.Ad-Hoc|ARM64.Build.0 = Debug|Any CPU
		{2132C7EA-2183-4BEA-9A89-DEB25CD52D1D}.Ad-Hoc|iPhone.ActiveCfg = Debug|Any CPU
		{2132C7EA-2183-4BEA-9A89-DEB25CD52D1D}.Ad-Hoc|iPhone.Build.0 = Debug|Any CPU
		{2132C7EA-2183-4BEA-9A89-DEB25CD52D1D}.Ad-Hoc|iPhoneSimulator.ActiveCfg = Debug|Any CPU
		{2132C7EA-2183-4BEA-9A89-DEB25CD52D1D}.Ad-Hoc|iPhoneSimulator.Build.0 = Debug|Any CPU
		{2132C7EA-2183-4BEA-9A89-DEB25CD52D1D}.Ad-Hoc|x64.ActiveCfg = Debug|Any CPU
		{2132C7EA-2183-4BEA-9A89-DEB25CD52D1D}.Ad-Hoc|x64.Build.0 = Debug|Any CPU
		{2132C7EA-2183-4BEA-9A89-DEB25CD52D1D}.Ad-Hoc|x86.ActiveCfg = Debug|Any CPU
		{2132C7EA-2183-4BEA-9A89-DEB25CD52D1D}.Ad-Hoc|x86.Build.0 = Debug|Any CPU
		{2132C7EA-2183-4BEA-9A89-DEB25CD52D1D}.AppStore|Any CPU.ActiveCfg = Debug|Any CPU
		{2132C7EA-2183-4BEA-9A89-DEB25CD52D1D}.AppStore|Any CPU.Build.0 = Debug|Any CPU
		{2132C7EA-2183-4BEA-9A89-DEB25CD52D1D}.AppStore|ARM.ActiveCfg = Debug|Any CPU
		{2132C7EA-2183-4BEA-9A89-DEB25CD52D1D}.AppStore|ARM.Build.0 = Debug|Any CPU
		{2132C7EA-2183-4BEA-9A89-DEB25CD52D1D}.AppStore|ARM64.ActiveCfg = Debug|Any CPU
		{2132C7EA-2183-4BEA-9A89-DEB25CD52D1D}.AppStore|ARM64.Build.0 = Debug|Any CPU
		{2132C7EA-2183-4BEA-9A89-DEB25CD52D1D}.AppStore|iPhone.ActiveCfg = Debug|Any CPU
		{2132C7EA-2183-4BEA-9A89-DEB25CD52D1D}.AppStore|iPhone.Build.0 = Debug|Any CPU
		{2132C7EA-2183-4BEA-9A89-DEB25CD52D1D}.AppStore|iPhoneSimulator.ActiveCfg = Debug|Any CPU
		{2132C7EA-2183-4BEA-9A89-DEB25CD52D1D}.AppStore|iPhoneSimulator.Build.0 = Debug|Any CPU
		{2132C7EA-2183-4BEA-9A89-DEB25CD52D1D}.AppStore|x64.ActiveCfg = Debug|Any CPU
		{2132C7EA-2183-4BEA-9A89-DEB25CD52D1D}.AppStore|x64.Build.0 = Debug|Any CPU
		{2132C7EA-2183-4BEA-9A89-DEB25CD52D1D}.AppStore|x86.ActiveCfg = Debug|Any CPU
		{2132C7EA-2183-4BEA-9A89-DEB25CD52D1D}.AppStore|x86.Build.0 = Debug|Any CPU
		{2132C7EA-2183-4BEA-9A89-DEB25CD52D1D}.Debug|Any CPU.ActiveCfg = Debug|Any CPU
		{2132C7EA-2183-4BEA-9A89-DEB25CD52D1D}.Debug|Any CPU.Build.0 = Debug|Any CPU
		{2132C7EA-2183-4BEA-9A89-DEB25CD52D1D}.Debug|ARM.ActiveCfg = Debug|Any CPU
		{2132C7EA-2183-4BEA-9A89-DEB25CD52D1D}.Debug|ARM.Build.0 = Debug|Any CPU
		{2132C7EA-2183-4BEA-9A89-DEB25CD52D1D}.Debug|ARM64.ActiveCfg = Debug|Any CPU
		{2132C7EA-2183-4BEA-9A89-DEB25CD52D1D}.Debug|ARM64.Build.0 = Debug|Any CPU
		{2132C7EA-2183-4BEA-9A89-DEB25CD52D1D}.Debug|iPhone.ActiveCfg = Debug|Any CPU
		{2132C7EA-2183-4BEA-9A89-DEB25CD52D1D}.Debug|iPhone.Build.0 = Debug|Any CPU
		{2132C7EA-2183-4BEA-9A89-DEB25CD52D1D}.Debug|iPhoneSimulator.ActiveCfg = Debug|Any CPU
		{2132C7EA-2183-4BEA-9A89-DEB25CD52D1D}.Debug|iPhoneSimulator.Build.0 = Debug|Any CPU
		{2132C7EA-2183-4BEA-9A89-DEB25CD52D1D}.Debug|x64.ActiveCfg = Debug|Any CPU
		{2132C7EA-2183-4BEA-9A89-DEB25CD52D1D}.Debug|x64.Build.0 = Debug|Any CPU
		{2132C7EA-2183-4BEA-9A89-DEB25CD52D1D}.Debug|x86.ActiveCfg = Debug|Any CPU
		{2132C7EA-2183-4BEA-9A89-DEB25CD52D1D}.Debug|x86.Build.0 = Debug|Any CPU
		{2132C7EA-2183-4BEA-9A89-DEB25CD52D1D}.Release|Any CPU.ActiveCfg = Release|Any CPU
		{2132C7EA-2183-4BEA-9A89-DEB25CD52D1D}.Release|Any CPU.Build.0 = Release|Any CPU
		{2132C7EA-2183-4BEA-9A89-DEB25CD52D1D}.Release|ARM.ActiveCfg = Release|Any CPU
		{2132C7EA-2183-4BEA-9A89-DEB25CD52D1D}.Release|ARM.Build.0 = Release|Any CPU
		{2132C7EA-2183-4BEA-9A89-DEB25CD52D1D}.Release|ARM64.ActiveCfg = Release|Any CPU
		{2132C7EA-2183-4BEA-9A89-DEB25CD52D1D}.Release|ARM64.Build.0 = Release|Any CPU
		{2132C7EA-2183-4BEA-9A89-DEB25CD52D1D}.Release|iPhone.ActiveCfg = Release|Any CPU
		{2132C7EA-2183-4BEA-9A89-DEB25CD52D1D}.Release|iPhone.Build.0 = Release|Any CPU
		{2132C7EA-2183-4BEA-9A89-DEB25CD52D1D}.Release|iPhoneSimulator.ActiveCfg = Release|Any CPU
		{2132C7EA-2183-4BEA-9A89-DEB25CD52D1D}.Release|iPhoneSimulator.Build.0 = Release|Any CPU
		{2132C7EA-2183-4BEA-9A89-DEB25CD52D1D}.Release|x64.ActiveCfg = Release|Any CPU
		{2132C7EA-2183-4BEA-9A89-DEB25CD52D1D}.Release|x64.Build.0 = Release|Any CPU
		{2132C7EA-2183-4BEA-9A89-DEB25CD52D1D}.Release|x86.ActiveCfg = Release|Any CPU
		{2132C7EA-2183-4BEA-9A89-DEB25CD52D1D}.Release|x86.Build.0 = Release|Any CPU
		{A4A9AFA3-8EBD-472C-8846-D629A67D1D2D}.Ad-Hoc|Any CPU.ActiveCfg = Debug|Any CPU
		{A4A9AFA3-8EBD-472C-8846-D629A67D1D2D}.Ad-Hoc|Any CPU.Build.0 = Debug|Any CPU
		{A4A9AFA3-8EBD-472C-8846-D629A67D1D2D}.Ad-Hoc|ARM.ActiveCfg = Debug|Any CPU
		{A4A9AFA3-8EBD-472C-8846-D629A67D1D2D}.Ad-Hoc|ARM.Build.0 = Debug|Any CPU
		{A4A9AFA3-8EBD-472C-8846-D629A67D1D2D}.Ad-Hoc|ARM64.ActiveCfg = Debug|Any CPU
		{A4A9AFA3-8EBD-472C-8846-D629A67D1D2D}.Ad-Hoc|ARM64.Build.0 = Debug|Any CPU
		{A4A9AFA3-8EBD-472C-8846-D629A67D1D2D}.Ad-Hoc|iPhone.ActiveCfg = Debug|Any CPU
		{A4A9AFA3-8EBD-472C-8846-D629A67D1D2D}.Ad-Hoc|iPhone.Build.0 = Debug|Any CPU
		{A4A9AFA3-8EBD-472C-8846-D629A67D1D2D}.Ad-Hoc|iPhoneSimulator.ActiveCfg = Debug|Any CPU
		{A4A9AFA3-8EBD-472C-8846-D629A67D1D2D}.Ad-Hoc|iPhoneSimulator.Build.0 = Debug|Any CPU
		{A4A9AFA3-8EBD-472C-8846-D629A67D1D2D}.Ad-Hoc|x64.ActiveCfg = Debug|Any CPU
		{A4A9AFA3-8EBD-472C-8846-D629A67D1D2D}.Ad-Hoc|x64.Build.0 = Debug|Any CPU
		{A4A9AFA3-8EBD-472C-8846-D629A67D1D2D}.Ad-Hoc|x86.ActiveCfg = Debug|Any CPU
		{A4A9AFA3-8EBD-472C-8846-D629A67D1D2D}.Ad-Hoc|x86.Build.0 = Debug|Any CPU
		{A4A9AFA3-8EBD-472C-8846-D629A67D1D2D}.AppStore|Any CPU.ActiveCfg = Debug|Any CPU
		{A4A9AFA3-8EBD-472C-8846-D629A67D1D2D}.AppStore|Any CPU.Build.0 = Debug|Any CPU
		{A4A9AFA3-8EBD-472C-8846-D629A67D1D2D}.AppStore|ARM.ActiveCfg = Debug|Any CPU
		{A4A9AFA3-8EBD-472C-8846-D629A67D1D2D}.AppStore|ARM.Build.0 = Debug|Any CPU
		{A4A9AFA3-8EBD-472C-8846-D629A67D1D2D}.AppStore|ARM64.ActiveCfg = Debug|Any CPU
		{A4A9AFA3-8EBD-472C-8846-D629A67D1D2D}.AppStore|ARM64.Build.0 = Debug|Any CPU
		{A4A9AFA3-8EBD-472C-8846-D629A67D1D2D}.AppStore|iPhone.ActiveCfg = Debug|Any CPU
		{A4A9AFA3-8EBD-472C-8846-D629A67D1D2D}.AppStore|iPhone.Build.0 = Debug|Any CPU
		{A4A9AFA3-8EBD-472C-8846-D629A67D1D2D}.AppStore|iPhoneSimulator.ActiveCfg = Debug|Any CPU
		{A4A9AFA3-8EBD-472C-8846-D629A67D1D2D}.AppStore|iPhoneSimulator.Build.0 = Debug|Any CPU
		{A4A9AFA3-8EBD-472C-8846-D629A67D1D2D}.AppStore|x64.ActiveCfg = Debug|Any CPU
		{A4A9AFA3-8EBD-472C-8846-D629A67D1D2D}.AppStore|x64.Build.0 = Debug|Any CPU
		{A4A9AFA3-8EBD-472C-8846-D629A67D1D2D}.AppStore|x86.ActiveCfg = Debug|Any CPU
		{A4A9AFA3-8EBD-472C-8846-D629A67D1D2D}.AppStore|x86.Build.0 = Debug|Any CPU
		{A4A9AFA3-8EBD-472C-8846-D629A67D1D2D}.Debug|Any CPU.ActiveCfg = Debug|Any CPU
		{A4A9AFA3-8EBD-472C-8846-D629A67D1D2D}.Debug|Any CPU.Build.0 = Debug|Any CPU
		{A4A9AFA3-8EBD-472C-8846-D629A67D1D2D}.Debug|ARM.ActiveCfg = Debug|Any CPU
		{A4A9AFA3-8EBD-472C-8846-D629A67D1D2D}.Debug|ARM.Build.0 = Debug|Any CPU
		{A4A9AFA3-8EBD-472C-8846-D629A67D1D2D}.Debug|ARM64.ActiveCfg = Debug|Any CPU
		{A4A9AFA3-8EBD-472C-8846-D629A67D1D2D}.Debug|ARM64.Build.0 = Debug|Any CPU
		{A4A9AFA3-8EBD-472C-8846-D629A67D1D2D}.Debug|iPhone.ActiveCfg = Debug|Any CPU
		{A4A9AFA3-8EBD-472C-8846-D629A67D1D2D}.Debug|iPhone.Build.0 = Debug|Any CPU
		{A4A9AFA3-8EBD-472C-8846-D629A67D1D2D}.Debug|iPhoneSimulator.ActiveCfg = Debug|Any CPU
		{A4A9AFA3-8EBD-472C-8846-D629A67D1D2D}.Debug|iPhoneSimulator.Build.0 = Debug|Any CPU
		{A4A9AFA3-8EBD-472C-8846-D629A67D1D2D}.Debug|x64.ActiveCfg = Debug|Any CPU
		{A4A9AFA3-8EBD-472C-8846-D629A67D1D2D}.Debug|x64.Build.0 = Debug|Any CPU
		{A4A9AFA3-8EBD-472C-8846-D629A67D1D2D}.Debug|x86.ActiveCfg = Debug|Any CPU
		{A4A9AFA3-8EBD-472C-8846-D629A67D1D2D}.Debug|x86.Build.0 = Debug|Any CPU
		{A4A9AFA3-8EBD-472C-8846-D629A67D1D2D}.Release|Any CPU.ActiveCfg = Release|Any CPU
		{A4A9AFA3-8EBD-472C-8846-D629A67D1D2D}.Release|Any CPU.Build.0 = Release|Any CPU
		{A4A9AFA3-8EBD-472C-8846-D629A67D1D2D}.Release|ARM.ActiveCfg = Release|Any CPU
		{A4A9AFA3-8EBD-472C-8846-D629A67D1D2D}.Release|ARM.Build.0 = Release|Any CPU
		{A4A9AFA3-8EBD-472C-8846-D629A67D1D2D}.Release|ARM64.ActiveCfg = Release|Any CPU
		{A4A9AFA3-8EBD-472C-8846-D629A67D1D2D}.Release|ARM64.Build.0 = Release|Any CPU
		{A4A9AFA3-8EBD-472C-8846-D629A67D1D2D}.Release|iPhone.ActiveCfg = Release|Any CPU
		{A4A9AFA3-8EBD-472C-8846-D629A67D1D2D}.Release|iPhone.Build.0 = Release|Any CPU
		{A4A9AFA3-8EBD-472C-8846-D629A67D1D2D}.Release|iPhoneSimulator.ActiveCfg = Release|Any CPU
		{A4A9AFA3-8EBD-472C-8846-D629A67D1D2D}.Release|iPhoneSimulator.Build.0 = Release|Any CPU
		{A4A9AFA3-8EBD-472C-8846-D629A67D1D2D}.Release|x64.ActiveCfg = Release|Any CPU
		{A4A9AFA3-8EBD-472C-8846-D629A67D1D2D}.Release|x64.Build.0 = Release|Any CPU
		{A4A9AFA3-8EBD-472C-8846-D629A67D1D2D}.Release|x86.ActiveCfg = Release|Any CPU
		{A4A9AFA3-8EBD-472C-8846-D629A67D1D2D}.Release|x86.Build.0 = Release|Any CPU
	EndGlobalSection
	GlobalSection(SolutionProperties) = preSolution
		HideSolutionNode = FALSE
	EndGlobalSection
	GlobalSection(NestedProjects) = preSolution
		{0C56CFBD-2A10-4AAF-8153-B814BCA62193} = {0C348625-AE3B-4D4C-AC22-790E8707282B}
		{17861219-D57E-4F84-BE8D-A7083B641061} = {0C348625-AE3B-4D4C-AC22-790E8707282B}
		{F859F6A5-38EA-409F-8659-D27FB4B5C49D} = {0C348625-AE3B-4D4C-AC22-790E8707282B}
		{6D742124-2B8D-4E13-8010-170579B88B4D} = {0C348625-AE3B-4D4C-AC22-790E8707282B}
		{FAF09231-34D0-4EE5-A87E-FEF0C549EAD5} = {0C348625-AE3B-4D4C-AC22-790E8707282B}
		{FE9FE07D-0F38-4D41-AC36-B2CA7ED6EC86} = {0C348625-AE3B-4D4C-AC22-790E8707282B}
		{C428E968-BFF3-4D65-8C11-07C5E6F38F0F} = {0C348625-AE3B-4D4C-AC22-790E8707282B}
		{2132C7EA-2183-4BEA-9A89-DEB25CD52D1D} = {0C348625-AE3B-4D4C-AC22-790E8707282B}
		{A4A9AFA3-8EBD-472C-8846-D629A67D1D2D} = {0C348625-AE3B-4D4C-AC22-790E8707282B}
	EndGlobalSection
	GlobalSection(ExtensibilityGlobals) = postSolution
		SolutionGuid = {45B84CA4-4231-43E0-AFBF-9BCDCC1B6F97}
	EndGlobalSection
EndGlobal
