
Microsoft Visual Studio Solution File, Format Version 12.00
# Visual Studio Version 17
VisualStudioVersion = 17.2.32616.157
MinimumVisualStudioVersion = 10.0.40219.1
Project("{9A19103F-16F7-4668-BE54-9A1E7A4F7556}") = "MyMessagePack", "MyMessagePack\MyMessagePack.csproj", "{46869D36-42B5-4CA7-BE11-2A904B60EDBD}"
EndProject
Project("{FAE04EC0-301F-11D3-BF4B-00C04F79EFBC}") = "AspNetCoreEmptyNet6", "AspNetCoreEmptyNet6\AspNetCoreEmptyNet6.csproj", "{9F8FD966-5B67-4BB3-A3EC-A938EB1E7C29}"
EndProject
Project("{9A19103F-16F7-4668-BE54-9A1E7A4F7556}") = "AspNetCoreEmptyNet6Test", "AspNetCoreEmptyNet6Test\AspNetCoreEmptyNet6Test.csproj", "{26CCBC6A-5080-4079-A980-A41A775EF9ED}"
EndProject
Global
	GlobalSection(SolutionConfigurationPlatforms) = preSolution
		Debug|Any CPU = Debug|Any CPU
		Release|Any CPU = Release|Any CPU
	EndGlobalSection
	GlobalSection(ProjectConfigurationPlatforms) = postSolution
		{46869D36-42B5-4CA7-BE11-2A904B60EDBD}.Debug|Any CPU.ActiveCfg = Debug|Any CPU
		{46869D36-42B5-4CA7-BE11-2A904B60EDBD}.Debug|Any CPU.Build.0 = Debug|Any CPU
		{46869D36-42B5-4CA7-BE11-2A904B60EDBD}.Release|Any CPU.ActiveCfg = Release|Any CPU
		{46869D36-42B5-4CA7-BE11-2A904B60EDBD}.Release|Any CPU.Build.0 = Release|Any CPU
		{9F8FD966-5B67-4BB3-A3EC-A938EB1E7C29}.Debug|Any CPU.ActiveCfg = Debug|Any CPU
		{9F8FD966-5B67-4BB3-A3EC-A938EB1E7C29}.Debug|Any CPU.Build.0 = Debug|Any CPU
		{9F8FD966-5B67-4BB3-A3EC-A938EB1E7C29}.Release|Any CPU.ActiveCfg = Release|Any CPU
		{9F8FD966-5B67-4BB3-A3EC-A938EB1E7C29}.Release|Any CPU.Build.0 = Release|Any CPU
		{26CCBC6A-5080-4079-A980-A41A775EF9ED}.Debug|Any CPU.ActiveCfg = Debug|Any CPU
		{26CCBC6A-5080-4079-A980-A41A775EF9ED}.Debug|Any CPU.Build.0 = Debug|Any CPU
		{26CCBC6A-5080-4079-A980-A41A775EF9ED}.Release|Any CPU.ActiveCfg = Release|Any CPU
		{26CCBC6A-5080-4079-A980-A41A775EF9ED}.Release|Any CPU.Build.0 = Release|Any CPU
	EndGlobalSection
	GlobalSection(SolutionProperties) = preSolution
		HideSolutionNode = FALSE
	EndGlobalSection
	GlobalSection(ExtensibilityGlobals) = postSolution
		SolutionGuid = {325A3B78-1263-4BC8-A4F0-7B5ADA9CEE90}
	EndGlobalSection
EndGlobal
