
Microsoft Visual Studio Solution File, Format Version 12.00
# Visual Studio Version 17
VisualStudioVersion = 17.1.32228.430
MinimumVisualStudioVersion = 10.0.40219.1
Project("{FAE04EC0-301F-11D3-BF4B-00C04F79EFBC}") = "HelloVisualStudio", "HelloVisualStudio\HelloVisualStudio.csproj", "{9DBB6C5F-8CC2-494E-927E-68F865FE934C}"
EndProject
Global
	GlobalSection(SolutionConfigurationPlatforms) = preSolution
		Debug|Any CPU = Debug|Any CPU
		Release|Any CPU = Release|Any CPU
	EndGlobalSection
	GlobalSection(ProjectConfigurationPlatforms) = postSolution
		{9DBB6C5F-8CC2-494E-927E-68F865FE934C}.Debug|Any CPU.ActiveCfg = Debug|Any CPU
		{9DBB6C5F-8CC2-494E-927E-68F865FE934C}.Debug|Any CPU.Build.0 = Debug|Any CPU
		{9DBB6C5F-8CC2-494E-927E-68F865FE934C}.Release|Any CPU.ActiveCfg = Release|Any CPU
		{9DBB6C5F-8CC2-494E-927E-68F865FE934C}.Release|Any CPU.Build.0 = Release|Any CPU
	EndGlobalSection
	GlobalSection(SolutionProperties) = preSolution
		HideSolutionNode = FALSE
	EndGlobalSection
	GlobalSection(ExtensibilityGlobals) = postSolution
		SolutionGuid = {E8A5C7A4-2DD4-46A0-B682-93700874483C}
	EndGlobalSection
EndGlobal
